
Microsoft Visual Studio Solution File, Format Version 12.00
# Visual Studio 2012
Project("{FAE04EC0-301F-11D3-BF4B-00C04F79EFBC}") = "Existence", "Existence\Existence.csproj", "{D5BCE6E8-86BC-4F2C-96FB-DBAD134BC914}"
EndProject
Project("{FAE04EC0-301F-11D3-BF4B-00C04F79EFBC}") = "Existence.Test", "Existence.Test\Existence.Test.csproj", "{B01C94E3-C6E3-4948-9C03-5EB7EB7572DE}"
EndProject
Global
	GlobalSection(SolutionConfigurationPlatforms) = preSolution
		Debug|Any CPU = Debug|Any CPU
		Release|Any CPU = Release|Any CPU
	EndGlobalSection
	GlobalSection(ProjectConfigurationPlatforms) = postSolution
		{D5BCE6E8-86BC-4F2C-96FB-DBAD134BC914}.Debug|Any CPU.ActiveCfg = Debug|Any CPU
		{D5BCE6E8-86BC-4F2C-96FB-DBAD134BC914}.Debug|Any CPU.Build.0 = Debug|Any CPU
		{D5BCE6E8-86BC-4F2C-96FB-DBAD134BC914}.Release|Any CPU.ActiveCfg = Release|Any CPU
		{D5BCE6E8-86BC-4F2C-96FB-DBAD134BC914}.Release|Any CPU.Build.0 = Release|Any CPU
		{B01C94E3-C6E3-4948-9C03-5EB7EB7572DE}.Debug|Any CPU.ActiveCfg = Debug|Any CPU
		{B01C94E3-C6E3-4948-9C03-5EB7EB7572DE}.Debug|Any CPU.Build.0 = Debug|Any CPU
		{B01C94E3-C6E3-4948-9C03-5EB7EB7572DE}.Release|Any CPU.ActiveCfg = Release|Any CPU
		{B01C94E3-C6E3-4948-9C03-5EB7EB7572DE}.Release|Any CPU.Build.0 = Release|Any CPU
	EndGlobalSection
EndGlobal
